
Microsoft Visual Studio Solution File, Format Version 12.00
# Visual Studio Version 17
VisualStudioVersion = 17.8.34525.116
MinimumVisualStudioVersion = 10.0.40219.1
Project("{FAE04EC0-301F-11D3-BF4B-00C04F79EFBC}") = "GestionTalleres", "GestionTalleres\GestionTalleres.csproj", "{A8117C1E-51CE-4049-B255-8C0730F69700}"
EndProject
Global
	GlobalSection(SolutionConfigurationPlatforms) = preSolution
		Debug|Any CPU = Debug|Any CPU
		Release|Any CPU = Release|Any CPU
	EndGlobalSection
	GlobalSection(ProjectConfigurationPlatforms) = postSolution
		{A8117C1E-51CE-4049-B255-8C0730F69700}.Debug|Any CPU.ActiveCfg = Debug|Any CPU
		{A8117C1E-51CE-4049-B255-8C0730F69700}.Debug|Any CPU.Build.0 = Debug|Any CPU
		{A8117C1E-51CE-4049-B255-8C0730F69700}.Release|Any CPU.ActiveCfg = Release|Any CPU
		{A8117C1E-51CE-4049-B255-8C0730F69700}.Release|Any CPU.Build.0 = Release|Any CPU
	EndGlobalSection
	GlobalSection(SolutionProperties) = preSolution
		HideSolutionNode = FALSE
	EndGlobalSection
	GlobalSection(ExtensibilityGlobals) = postSolution
		SolutionGuid = {4D8A96F5-6AB8-4982-A1E5-43F67B437CB4}
	EndGlobalSection
EndGlobal
